
Microsoft Visual Studio Solution File, Format Version 12.00
# Visual Studio Version 17
VisualStudioVersion = 17.4.33110.190
MinimumVisualStudioVersion = 10.0.40219.1
Project("{FAE04EC0-301F-11D3-BF4B-00C04F79EFBC}") = "BlazorApp1", "BlazorApp1\BlazorApp1.csproj", "{31F652E1-59E8-4E36-8C16-7D3B12B03F10}"
EndProject
Global
	GlobalSection(SolutionConfigurationPlatforms) = preSolution
		Debug|Any CPU = Debug|Any CPU
		Release|Any CPU = Release|Any CPU
	EndGlobalSection
	GlobalSection(ProjectConfigurationPlatforms) = postSolution
		{31F652E1-59E8-4E36-8C16-7D3B12B03F10}.Debug|Any CPU.ActiveCfg = Debug|Any CPU
		{31F652E1-59E8-4E36-8C16-7D3B12B03F10}.Debug|Any CPU.Build.0 = Debug|Any CPU
		{31F652E1-59E8-4E36-8C16-7D3B12B03F10}.Release|Any CPU.ActiveCfg = Release|Any CPU
		{31F652E1-59E8-4E36-8C16-7D3B12B03F10}.Release|Any CPU.Build.0 = Release|Any CPU
	EndGlobalSection
	GlobalSection(SolutionProperties) = preSolution
		HideSolutionNode = FALSE
	EndGlobalSection
	GlobalSection(ExtensibilityGlobals) = postSolution
		SolutionGuid = {82515DB1-FBBF-41AE-947F-030455FC505D}
	EndGlobalSection
EndGlobal
